
Microsoft Visual Studio Solution File, Format Version 12.00
# Visual Studio Version 16
VisualStudioVersion = 16.0.30413.136
MinimumVisualStudioVersion = 10.0.40219.1
Project("{9A19103F-16F7-4668-BE54-9A1E7A4F7556}") = "PetraExcelUpload.Web", "PetraExcelUpload.Web\PetraExcelUpload.Web.csproj", "{7E405767-856B-401D-8E7E-B765E8E91453}"
EndProject
Project("{FAE04EC0-301F-11D3-BF4B-00C04F79EFBC}") = "PetraExcelUpload.COMRef", "PetraExcelUpload.COMRef\PetraExcelUpload.COMRef.csproj", "{77177FBE-20B0-42A7-B1C1-AE484C731774}"
EndProject
Global
	GlobalSection(SolutionConfigurationPlatforms) = preSolution
		Debug|Any CPU = Debug|Any CPU
		Release|Any CPU = Release|Any CPU
	EndGlobalSection
	GlobalSection(ProjectConfigurationPlatforms) = postSolution
		{7E405767-856B-401D-8E7E-B765E8E91453}.Debug|Any CPU.ActiveCfg = Debug|Any CPU
		{7E405767-856B-401D-8E7E-B765E8E91453}.Debug|Any CPU.Build.0 = Debug|Any CPU
		{7E405767-856B-401D-8E7E-B765E8E91453}.Release|Any CPU.ActiveCfg = Release|Any CPU
		{7E405767-856B-401D-8E7E-B765E8E91453}.Release|Any CPU.Build.0 = Release|Any CPU
		{77177FBE-20B0-42A7-B1C1-AE484C731774}.Debug|Any CPU.ActiveCfg = Debug|Any CPU
		{77177FBE-20B0-42A7-B1C1-AE484C731774}.Debug|Any CPU.Build.0 = Debug|Any CPU
		{77177FBE-20B0-42A7-B1C1-AE484C731774}.Release|Any CPU.ActiveCfg = Release|Any CPU
		{77177FBE-20B0-42A7-B1C1-AE484C731774}.Release|Any CPU.Build.0 = Release|Any CPU
	EndGlobalSection
	GlobalSection(SolutionProperties) = preSolution
		HideSolutionNode = FALSE
	EndGlobalSection
	GlobalSection(ExtensibilityGlobals) = postSolution
		SolutionGuid = {A9EDFEAC-0802-428C-B07F-D9F6D3AEAC06}
	EndGlobalSection
EndGlobal
